
Microsoft Visual Studio Solution File, Format Version 12.00
# Visual Studio Version 17
VisualStudioVersion = 17.14.36623.8 d17.14
MinimumVisualStudioVersion = 10.0.40219.1
Project("{FAE04EC0-301F-11D3-BF4B-00C04F79EFBC}") = "Contracting.Application", "src\Contracting.Application\Contracting.Application.csproj", "{B606AF0D-FB7D-4286-B21E-ECA044329B0B}"
EndProject
Project("{FAE04EC0-301F-11D3-BF4B-00C04F79EFBC}") = "Contracting.API", "src\Contracting.API\Contracting.API.csproj", "{F3CF1717-275B-4841-B69E-175ED9C0B46F}"
EndProject
Project("{FAE04EC0-301F-11D3-BF4B-00C04F79EFBC}") = "Contracting.Infrustructure", "src\Contracting.Infrustructure\Contracting.Infrustructure.csproj", "{022F5134-89AD-492F-AC96-B779599FCF43}"
EndProject
Project("{FAE04EC0-301F-11D3-BF4B-00C04F79EFBC}") = "Contracting.Domain", "src\Contracting.Domain\Contracting.Domain.csproj", "{52C8D7C2-4E1C-4E21-B862-A183BF833B46}"
EndProject
Project("{FAE04EC0-301F-11D3-BF4B-00C04F79EFBC}") = "Contracting.Shared", "src\Contracting.Shared\Contracting.Shared.csproj", "{03A65B09-C100-404A-91EA-118D634B8F3D}"
EndProject
Global
	GlobalSection(SolutionConfigurationPlatforms) = preSolution
		Debug|Any CPU = Debug|Any CPU
		Release|Any CPU = Release|Any CPU
	EndGlobalSection
	GlobalSection(ProjectConfigurationPlatforms) = postSolution
		{B606AF0D-FB7D-4286-B21E-ECA044329B0B}.Debug|Any CPU.ActiveCfg = Debug|Any CPU
		{B606AF0D-FB7D-4286-B21E-ECA044329B0B}.Debug|Any CPU.Build.0 = Debug|Any CPU
		{B606AF0D-FB7D-4286-B21E-ECA044329B0B}.Release|Any CPU.ActiveCfg = Release|Any CPU
		{B606AF0D-FB7D-4286-B21E-ECA044329B0B}.Release|Any CPU.Build.0 = Release|Any CPU
		{F3CF1717-275B-4841-B69E-175ED9C0B46F}.Debug|Any CPU.ActiveCfg = Debug|Any CPU
		{F3CF1717-275B-4841-B69E-175ED9C0B46F}.Debug|Any CPU.Build.0 = Debug|Any CPU
		{F3CF1717-275B-4841-B69E-175ED9C0B46F}.Release|Any CPU.ActiveCfg = Release|Any CPU
		{F3CF1717-275B-4841-B69E-175ED9C0B46F}.Release|Any CPU.Build.0 = Release|Any CPU
		{022F5134-89AD-492F-AC96-B779599FCF43}.Debug|Any CPU.ActiveCfg = Debug|Any CPU
		{022F5134-89AD-492F-AC96-B779599FCF43}.Debug|Any CPU.Build.0 = Debug|Any CPU
		{022F5134-89AD-492F-AC96-B779599FCF43}.Release|Any CPU.ActiveCfg = Release|Any CPU
		{022F5134-89AD-492F-AC96-B779599FCF43}.Release|Any CPU.Build.0 = Release|Any CPU
		{52C8D7C2-4E1C-4E21-B862-A183BF833B46}.Debug|Any CPU.ActiveCfg = Debug|Any CPU
		{52C8D7C2-4E1C-4E21-B862-A183BF833B46}.Debug|Any CPU.Build.0 = Debug|Any CPU
		{52C8D7C2-4E1C-4E21-B862-A183BF833B46}.Release|Any CPU.ActiveCfg = Release|Any CPU
		{52C8D7C2-4E1C-4E21-B862-A183BF833B46}.Release|Any CPU.Build.0 = Release|Any CPU
		{03A65B09-C100-404A-91EA-118D634B8F3D}.Debug|Any CPU.ActiveCfg = Debug|Any CPU
		{03A65B09-C100-404A-91EA-118D634B8F3D}.Debug|Any CPU.Build.0 = Debug|Any CPU
		{03A65B09-C100-404A-91EA-118D634B8F3D}.Release|Any CPU.ActiveCfg = Release|Any CPU
		{03A65B09-C100-404A-91EA-118D634B8F3D}.Release|Any CPU.Build.0 = Release|Any CPU
	EndGlobalSection
	GlobalSection(SolutionProperties) = preSolution
		HideSolutionNode = FALSE
	EndGlobalSection
	GlobalSection(ExtensibilityGlobals) = postSolution
		SolutionGuid = {D32FAF8E-A9C5-40DF-A6B1-F1757B5A624E}
	EndGlobalSection
EndGlobal
